// !$*UTF8*$!
{
	archiveVersion = 1;
	classes = {
	};
	objectVersion = 46;
	objects = {

/* Begin PBXBuildFile section */
		28A0EE781AC4148F0065289E /* AppDelegate.swift in Sources */ = {isa = PBXBuildFile; fileRef = 28A0EE771AC4148F0065289E /* AppDelegate.swift */; };
		28A0EE7A1AC4148F0065289E /* ViewController.swift in Sources */ = {isa = PBXBuildFile; fileRef = 28A0EE791AC4148F0065289E /* ViewController.swift */; };
		28A0EE7D1AC4148F0065289E /* Main.storyboard in Resources */ = {isa = PBXBuildFile; fileRef = 28A0EE7B1AC4148F0065289E /* Main.storyboard */; };
		28A0EE7F1AC4148F0065289E /* Images.xcassets in Resources */ = {isa = PBXBuildFile; fileRef = 28A0EE7E1AC4148F0065289E /* Images.xcassets */; };
		28A0EE821AC4148F0065289E /* LaunchScreen.xib in Resources */ = {isa = PBXBuildFile; fileRef = 28A0EE801AC4148F0065289E /* LaunchScreen.xib */; };
		28A0EE8E1AC4148F0065289E /* Experiment1_Multiple_DatastoresTests.swift in Sources */ = {isa = PBXBuildFile; fileRef = 28A0EE8D1AC4148F0065289E /* Experiment1_Multiple_DatastoresTests.swift */; };
/* End PBXBuildFile section */

/* Begin PBXContainerItemProxy section */
		28A0EE881AC4148F0065289E /* PBXContainerItemProxy */ = {
			isa = PBXContainerItemProxy;
			containerPortal = 28A0EE6A1AC4148F0065289E /* Project object */;
			proxyType = 1;
			remoteGlobalIDString = 28A0EE711AC4148F0065289E;
			remoteInfo = "Experiment1-Multiple-Datastores";
		};
/* End PBXContainerItemProxy section */

/* Begin PBXFileReference section */
		28A0EE721AC4148F0065289E /* Experiment1-Multiple-Datastores.app */ = {isa = PBXFileReference; explicitFileType = wrapper.application; includeInIndex = 0; path = "Experiment1-Multiple-Datastores.app"; sourceTree = BUILT_PRODUCTS_DIR; };
		28A0EE761AC4148F0065289E /* Info.plist */ = {isa = PBXFileReference; lastKnownFileType = text.plist.xml; path = Info.plist; sourceTree = "<group>"; };
		28A0EE771AC4148F0065289E /* AppDelegate.swift */ = {isa = PBXFileReference; lastKnownFileType = sourcecode.swift; path = AppDelegate.swift; sourceTree = "<group>"; };
		28A0EE791AC4148F0065289E /* ViewController.swift */ = {isa = PBXFileReference; lastKnownFileType = sourcecode.swift; path = ViewController.swift; sourceTree = "<group>"; };
		28A0EE7C1AC4148F0065289E /* Base */ = {isa = PBXFileReference; lastKnownFileType = file.storyboard; name = Base; path = Base.lproj/Main.storyboard; sourceTree = "<group>"; };
		28A0EE7E1AC4148F0065289E /* Images.xcassets */ = {isa = PBXFileReference; lastKnownFileType = folder.assetcatalog; path = Images.xcassets; sourceTree = "<group>"; };
		28A0EE811AC4148F0065289E /* Base */ = {isa = PBXFileReference; lastKnownFileType = file.xib; name = Base; path = Base.lproj/LaunchScreen.xib; sourceTree = "<group>"; };
		28A0EE871AC4148F0065289E /* Experiment1-Multiple-DatastoresTests.xctest */ = {isa = PBXFileReference; explicitFileType = wrapper.cfbundle; includeInIndex = 0; path = "Experiment1-Multiple-DatastoresTests.xctest"; sourceTree = BUILT_PRODUCTS_DIR; };
		28A0EE8C1AC4148F0065289E /* Info.plist */ = {isa = PBXFileReference; lastKnownFileType = text.plist.xml; path = Info.plist; sourceTree = "<group>"; };
		28A0EE8D1AC4148F0065289E /* Experiment1_Multiple_DatastoresTests.swift */ = {isa = PBXFileReference; lastKnownFileType = sourcecode.swift; path = Experiment1_Multiple_DatastoresTests.swift; sourceTree = "<group>"; };
/* End PBXFileReference section */

/* Begin PBXFrameworksBuildPhase section */
		28A0EE6F1AC4148F0065289E /* Frameworks */ = {
			isa = PBXFrameworksBuildPhase;
			buildActionMask = 2147483647;
			files = (
			);
			runOnlyForDeploymentPostprocessing = 0;
		};
		28A0EE841AC4148F0065289E /* Frameworks */ = {
			isa = PBXFrameworksBuildPhase;
			buildActionMask = 2147483647;
			files = (
			);
			runOnlyForDeploymentPostprocessing = 0;
		};
/* End PBXFrameworksBuildPhase section */

/* Begin PBXGroup section */
		28A0EE691AC4148F0065289E = {
			isa = PBXGroup;
			children = (
				28A0EE741AC4148F0065289E /* Experiment1-Multiple-Datastores */,
				28A0EE8A1AC4148F0065289E /* Experiment1-Multiple-DatastoresTests */,
				28A0EE731AC4148F0065289E /* Products */,
			);
			sourceTree = "<group>";
		};
		28A0EE731AC4148F0065289E /* Products */ = {
			isa = PBXGroup;
			children = (
				28A0EE721AC4148F0065289E /* Experiment1-Multiple-Datastores.app */,
				28A0EE871AC4148F0065289E /* Experiment1-Multiple-DatastoresTests.xctest */,
			);
			name = Products;
			sourceTree = "<group>";
		};
		28A0EE741AC4148F0065289E /* Experiment1-Multiple-Datastores */ = {
			isa = PBXGroup;
			children = (
				28A0EE771AC4148F0065289E /* AppDelegate.swift */,
				28A0EE791AC4148F0065289E /* ViewController.swift */,
				28A0EE7B1AC4148F0065289E /* Main.storyboard */,
				28A0EE7E1AC4148F0065289E /* Images.xcassets */,
				28A0EE801AC4148F0065289E /* LaunchScreen.xib */,
				28A0EE751AC4148F0065289E /* Supporting Files */,
			);
			path = "Experiment1-Multiple-Datastores";
			sourceTree = "<group>";
		};
		28A0EE751AC4148F0065289E /* Supporting Files */ = {
			isa = PBXGroup;
			children = (
				28A0EE761AC4148F0065289E /* Info.plist */,
			);
			name = "Supporting Files";
			sourceTree = "<group>";
		};
		28A0EE8A1AC4148F0065289E /* Experiment1-Multiple-DatastoresTests */ = {
			isa = PBXGroup;
			children = (
				28A0EE8D1AC4148F0065289E /* Experiment1_Multiple_DatastoresTests.swift */,
				28A0EE8B1AC4148F0065289E /* Supporting Files */,
			);
			path = "Experiment1-Multiple-DatastoresTests";
			sourceTree = "<group>";
		};
		28A0EE8B1AC4148F0065289E /* Supporting Files */ = {
			isa = PBXGroup;
			children = (
				28A0EE8C1AC4148F0065289E /* Info.plist */,
			);
			name = "Supporting Files";
			sourceTree = "<group>";
		};
/* End PBXGroup section */

/* Begin PBXNativeTarget section */
		28A0EE711AC4148F0065289E /* Experiment1-Multiple-Datastores */ = {
			isa = PBXNativeTarget;
			buildConfigurationList = 28A0EE911AC4148F0065289E /* Build configuration list for PBXNativeTarget "Experiment1-Multiple-Datastores" */;
			buildPhases = (
				28A0EE6E1AC4148F0065289E /* Sources */,
				28A0EE6F1AC4148F0065289E /* Frameworks */,
				28A0EE701AC4148F0065289E /* Resources */,
			);
			buildRules = (
			);
			dependencies = (
			);
			name = "Experiment1-Multiple-Datastores";
			productName = "Experiment1-Multiple-Datastores";
			productReference = 28A0EE721AC4148F0065289E /* Experiment1-Multiple-Datastores.app */;
			productType = "com.apple.product-type.application";
		};
		28A0EE861AC4148F0065289E /* Experiment1-Multiple-DatastoresTests */ = {
			isa = PBXNativeTarget;
			buildConfigurationList = 28A0EE941AC4148F0065289E /* Build configuration list for PBXNativeTarget "Experiment1-Multiple-DatastoresTests" */;
			buildPhases = (
				28A0EE831AC4148F0065289E /* Sources */,
				28A0EE841AC4148F0065289E /* Frameworks */,
				28A0EE851AC4148F0065289E /* Resources */,
			);
			buildRules = (
			);
			dependencies = (
				28A0EE891AC4148F0065289E /* PBXTargetDependency */,
			);
			name = "Experiment1-Multiple-DatastoresTests";
			productName = "Experiment1-Multiple-DatastoresTests";
			productReference = 28A0EE871AC4148F0065289E /* Experiment1-Multiple-DatastoresTests.xctest */;
			productType = "com.apple.product-type.bundle.unit-test";
		};
/* End PBXNativeTarget section */

/* Begin PBXProject section */
		28A0EE6A1AC4148F0065289E /* Project object */ = {
			isa = PBXProject;
			attributes = {
				LastUpgradeCheck = 0610;
				ORGANIZATIONNAME = HAN;
				TargetAttributes = {
					28A0EE711AC4148F0065289E = {
						CreatedOnToolsVersion = 6.1.1;
						DevelopmentTeam = 6BSBW655NT;
					};
					28A0EE861AC4148F0065289E = {
						CreatedOnToolsVersion = 6.1.1;
						TestTargetID = 28A0EE711AC4148F0065289E;
					};
				};
			};
			buildConfigurationList = 28A0EE6D1AC4148F0065289E /* Build configuration list for PBXProject "Experiment1-Multiple-Datastores" */;
			compatibilityVersion = "Xcode 3.2";
			developmentRegion = English;
			hasScannedForEncodings = 0;
			knownRegions = (
				en,
				Base,
			);
			mainGroup = 28A0EE691AC4148F0065289E;
			productRefGroup = 28A0EE731AC4148F0065289E /* Products */;
			projectDirPath = "";
			projectRoot = "";
			targets = (
				28A0EE711AC4148F0065289E /* Experiment1-Multiple-Datastores */,
				28A0EE861AC4148F0065289E /* Experiment1-Multiple-DatastoresTests */,
			);
		};
/* End PBXProject section */

/* Begin PBXResourcesBuildPhase section */
		28A0EE701AC4148F0065289E /* Resources */ = {
			isa = PBXResourcesBuildPhase;
			buildActionMask = 2147483647;
			files = (
				28A0EE7D1AC4148F0065289E /* Main.storyboard in Resources */,
				28A0EE821AC4148F0065289E /* LaunchScreen.xib in Resources */,
				28A0EE7F1AC4148F0065289E /* Images.xcassets in Resources */,
			);
			runOnlyForDeploymentPostprocessing = 0;
		};
		28A0EE851AC4148F0065289E /* Resources */ = {
			isa = PBXResourcesBuildPhase;
			buildActionMask = 2147483647;
			files = (
			);
			runOnlyForDeploymentPostprocessing = 0;
		};
/* End PBXResourcesBuildPhase section */

/* Begin PBXSourcesBuildPhase section */
		28A0EE6E1AC4148F0065289E /* Sources */ = {
			isa = PBXSourcesBuildPhase;
			buildActionMask = 2147483647;
			files = (
				28A0EE7A1AC4148F0065289E /* ViewController.swift in Sources */,
				28A0EE781AC4148F0065289E /* AppDelegate.swift in Sources */,
			);
			runOnlyForDeploymentPostprocessing = 0;
		};
		28A0EE831AC4148F0065289E /* Sources */ = {
			isa = PBXSourcesBuildPhase;
			buildActionMask = 2147483647;
			files = (
				28A0EE8E1AC4148F0065289E /* Experiment1_Multiple_DatastoresTests.swift in Sources */,
			);
			runOnlyForDeploymentPostprocessing = 0;
		};
/* End PBXSourcesBuildPhase section */

/* Begin PBXTargetDependency section */
		28A0EE891AC4148F0065289E /* PBXTargetDependency */ = {
			isa = PBXTargetDependency;
			target = 28A0EE711AC4148F0065289E /* Experiment1-Multiple-Datastores */;
			targetProxy = 28A0EE881AC4148F0065289E /* PBXContainerItemProxy */;
		};
/* End PBXTargetDependency section */

/* Begin PBXVariantGroup section */
		28A0EE7B1AC4148F0065289E /* Main.storyboard */ = {
			isa = PBXVariantGroup;
			children = (
				28A0EE7C1AC4148F0065289E /* Base */,
			);
			name = Main.storyboard;
			sourceTree = "<group>";
		};
		28A0EE801AC4148F0065289E /* LaunchScreen.xib */ = {
			isa = PBXVariantGroup;
			children = (
				28A0EE811AC4148F0065289E /* Base */,
			);
			name = LaunchScreen.xib;
			sourceTree = "<group>";
		};
/* End PBXVariantGroup section */

/* Begin XCBuildConfiguration section */
		28A0EE8F1AC4148F0065289E /* Debug */ = {
			isa = XCBuildConfiguration;
			buildSettings = {
				ALWAYS_SEARCH_USER_PATHS = NO;
				CLANG_CXX_LANGUAGE_STANDARD = "gnu++0x";
				CLANG_CXX_LIBRARY = "libc++";
				CLANG_ENABLE_MODULES = YES;
				CLANG_ENABLE_OBJC_ARC = YES;
				CLANG_WARN_BOOL_CONVERSION = YES;
				CLANG_WARN_CONSTANT_CONVERSION = YES;
				CLANG_WARN_DIRECT_OBJC_ISA_USAGE = YES_ERROR;
				CLANG_WARN_EMPTY_BODY = YES;
				CLANG_WARN_ENUM_CONVERSION = YES;
				CLANG_WARN_INT_CONVERSION = YES;
				CLANG_WARN_OBJC_ROOT_CLASS = YES_ERROR;
				CLANG_WARN_UNREACHABLE_CODE = YES;
				CLANG_WARN__DUPLICATE_METHOD_MATCH = YES;
				"CODE_SIGN_IDENTITY[sdk=iphoneos*]" = "iPhone Developer";
				COPY_PHASE_STRIP = NO;
				ENABLE_STRICT_OBJC_MSGSEND = YES;
				GCC_C_LANGUAGE_STANDARD = gnu99;
				GCC_DYNAMIC_NO_PIC = NO;
				GCC_OPTIMIZATION_LEVEL = 0;
				GCC_PREPROCESSOR_DEFINITIONS = (
					"DEBUG=1",
					"$(inherited)",
				);
				GCC_SYMBOLS_PRIVATE_EXTERN = NO;
				GCC_WARN_64_TO_32_BIT_CONVERSION = YES;
				GCC_WARN_ABOUT_RETURN_TYPE = YES_ERROR;
				GCC_WARN_UNDECLARED_SELECTOR = YES;
				GCC_WARN_UNINITIALIZED_AUTOS = YES_AGGRESSIVE;
				GCC_WARN_UNUSED_FUNCTION = YES;
				GCC_WARN_UNUSED_VARIABLE = YES;
				IPHONEOS_DEPLOYMENT_TARGET = 8.1;
				MTL_ENABLE_DEBUG_INFO = YES;
				ONLY_ACTIVE_ARCH = YES;
				SDKROOT = iphoneos;
				SWIFT_OPTIMIZATION_LEVEL = "-Onone";
			};
			name = Debug;
		};
		28A0EE901AC4148F0065289E /* Release */ = {
			isa = XCBuildConfiguration;
			buildSettings = {
				ALWAYS_SEARCH_USER_PATHS = NO;
				CLANG_CXX_LANGUAGE_STANDARD = "gnu++0x";
				CLANG_CXX_LIBRARY = "libc++";
				CLANG_ENABLE_MODULES = YES;
				CLANG_ENABLE_OBJC_ARC = YES;
				CLANG_WARN_BOOL_CONVERSION = YES;
				CLANG_WARN_CONSTANT_CONVERSION = YES;
				CLANG_WARN_DIRECT_OBJC_ISA_USAGE = YES_ERROR;
				CLANG_WARN_EMPTY_BODY = YES;
				CLANG_WARN_ENUM_CONVERSION = YES;
				CLANG_WARN_INT_CONVERSION = YES;
				CLANG_WARN_OBJC_ROOT_CLASS = YES_ERROR;
				CLANG_WARN_UNREACHABLE_CODE = YES;
				CLANG_WARN__DUPLICATE_METHOD_MATCH = YES;
				"CODE_SIGN_IDENTITY[sdk=iphoneos*]" = "iPhone Developer";
				COPY_PHASE_STRIP = YES;
				ENABLE_NS_ASSERTIONS = NO;
				ENABLE_STRICT_OBJC_MSGSEND = YES;
				GCC_C_LANGUAGE_STANDARD = gnu99;
				GCC_WARN_64_TO_32_BIT_CONVERSION = YES;
				GCC_WARN_ABOUT_RETURN_TYPE = YES_ERROR;
				GCC_WARN_UNDECLARED_SELECTOR = YES;
				GCC_WARN_UNINITIALIZED_AUTOS = YES_AGGRESSIVE;
				GCC_WARN_UNUSED_FUNCTION = YES;
				GCC_WARN_UNUSED_VARIABLE = YES;
				IPHONEOS_DEPLOYMENT_TARGET = 8.1;
				MTL_ENABLE_DEBUG_INFO = NO;
				SDKROOT = iphoneos;
				VALIDATE_PRODUCT = YES;
			};
			name = Release;
		};
		28A0EE921AC4148F0065289E /* Debug */ = {
			isa = XCBuildConfiguration;
			buildSettings = {
				ASSETCATALOG_COMPILER_APPICON_NAME = AppIcon;
				INFOPLIST_FILE = "Experiment1-Multiple-Datastores/Info.plist";
				LD_RUNPATH_SEARCH_PATHS = "$(inherited) @executable_path/Frameworks";
				PRODUCT_NAME = "$(TARGET_NAME)";
			};
			name = Debug;
		};
		28A0EE931AC4148F0065289E /* Release */ = {
			isa = XCBuildConfiguration;
			buildSettings = {
				ASSETCATALOG_COMPILER_APPICON_NAME = AppIcon;
				INFOPLIST_FILE = "Experiment1-Multiple-Datastores/Info.plist";
				LD_RUNPATH_SEARCH_PATHS = "$(inherited) @executable_path/Frameworks";
				PRODUCT_NAME = "$(TARGET_NAME)";
			};
			name = Release;
		};
		28A0EE951AC4148F0065289E /* Debug */ = {
			isa = XCBuildConfiguration;
			buildSettings = {
				BUNDLE_LOADER = "$(TEST_HOST)";
				FRAMEWORK_SEARCH_PATHS = (
					"$(SDKROOT)/Developer/Library/Frameworks",
					"$(inherited)",
				);
				GCC_PREPROCESSOR_DEFINITIONS = (
					"DEBUG=1",
					"$(inherited)",
				);
				INFOPLIST_FILE = "Experiment1-Multiple-DatastoresTests/Info.plist";
				LD_RUNPATH_SEARCH_PATHS = "$(inherited) @executable_path/Frameworks @loader_path/Frameworks";
				PRODUCT_NAME = "$(TARGET_NAME)";
				TEST_HOST = "$(BUILT_PRODUCTS_DIR)/Experiment1-Multiple-Datastores.app/Experiment1-Multiple-Datastores";
			};
			name = Debug;
		};
		28A0EE961AC4148F0065289E /* Release */ = {
			isa = XCBuildConfiguration;
			buildSettings = {
				BUNDLE_LOADER = "$(TEST_HOST)";
				FRAMEWORK_SEARCH_PATHS = (
					"$(SDKROOT)/Developer/Library/Frameworks",
					"$(inherited)",
				);
				INFOPLIST_FILE = "Experiment1-Multiple-DatastoresTests/Info.plist";
				LD_RUNPATH_SEARCH_PATHS = "$(inherited) @executable_path/Frameworks @loader_path/Frameworks";
				PRODUCT_NAME = "$(TARGET_NAME)";
				TEST_HOST = "$(BUILT_PRODUCTS_DIR)/Experiment1-Multiple-Datastores.app/Experiment1-Multiple-Datastores";
			};
			name = Release;
		};
/* End XCBuildConfiguration section */

/* Begin XCConfigurationList section */
		28A0EE6D1AC4148F0065289E /* Build configuration list for PBXProject "Experiment1-Multiple-Datastores" */ = {
			isa = XCConfigurationList;
			buildConfigurations = (
				28A0EE8F1AC4148F0065289E /* Debug */,
				28A0EE901AC4148F0065289E /* Release */,
			);
			defaultConfigurationIsVisible = 0;
			defaultConfigurationName = Release;
		};
		28A0EE911AC4148F0065289E /* Build configuration list for PBXNativeTarget "Experiment1-Multiple-Datastores" */ = {
			isa = XCConfigurationList;
			buildConfigurations = (
				28A0EE921AC4148F0065289E /* Debug */,
				28A0EE931AC4148F0065289E /* Release */,
			);
			defaultConfigurationIsVisible = 0;
		};
		28A0EE941AC4148F0065289E /* Build configuration list for PBXNativeTarget "Experiment1-Multiple-DatastoresTests" */ = {
			isa = XCConfigurationList;
			buildConfigurations = (
				28A0EE951AC4148F0065289E /* Debug */,
				28A0EE961AC4148F0065289E /* Release */,
			);
			defaultConfigurationIsVisible = 0;
		};
/* End XCConfigurationList section */
	};
	rootObject = 28A0EE6A1AC4148F0065289E /* Project object */;
}
